// !$*UTF8*$!
{
	archiveVersion = 1;
	classes = {
	};
	objectVersion = 55;
	objects = {

/* Begin PBXBuildFile section */
		CF6C64A0284AEC8E00DA53FF /* AppDelegate.swift in Sources */ = {isa = PBXBuildFile; fileRef = CF6C649F284AEC8E00DA53FF /* AppDelegate.swift */; };
		CF6C64A2284AEC8E00DA53FF /* SceneDelegate.swift in Sources */ = {isa = PBXBuildFile; fileRef = CF6C64A1284AEC8E00DA53FF /* SceneDelegate.swift */; };
		CF6C64A4284AEC8E00DA53FF /* ViewController.swift in Sources */ = {isa = PBXBuildFile; fileRef = CF6C64A3284AEC8E00DA53FF /* ViewController.swift */; };
		CF6C64A7284AEC8E00DA53FF /* Main.storyboard in Resources */ = {isa = PBXBuildFile; fileRef = CF6C64A5284AEC8E00DA53FF /* Main.storyboard */; };
		CF6C64A9284AEC9100DA53FF /* Assets.xcassets in Resources */ = {isa = PBXBuildFile; fileRef = CF6C64A8284AEC9100DA53FF /* Assets.xcassets */; };
		CF6C64AC284AEC9100DA53FF /* LaunchScreen.storyboard in Resources */ = {isa = PBXBuildFile; fileRef = CF6C64AA284AEC9100DA53FF /* LaunchScreen.storyboard */; };
		CF6C64B5284AED8100DA53FF /* SlideCollectionViewCell.swift in Sources */ = {isa = PBXBuildFile; fileRef = CF6C64B3284AED8100DA53FF /* SlideCollectionViewCell.swift */; };
		CF6C64B6284AED8100DA53FF /* SlideCollectionViewCell.xib in Resources */ = {isa = PBXBuildFile; fileRef = CF6C64B4284AED8100DA53FF /* SlideCollectionViewCell.xib */; };
/* End PBXBuildFile section */

/* Begin PBXFileReference section */
		CF6C649C284AEC8E00DA53FF /* ScrollViewWillEndDragging.app */ = {isa = PBXFileReference; explicitFileType = wrapper.application; includeInIndex = 0; path = ScrollViewWillEndDragging.app; sourceTree = BUILT_PRODUCTS_DIR; };
		CF6C649F284AEC8E00DA53FF /* AppDelegate.swift */ = {isa = PBXFileReference; lastKnownFileType = sourcecode.swift; path = AppDelegate.swift; sourceTree = "<group>"; };
		CF6C64A1284AEC8E00DA53FF /* SceneDelegate.swift */ = {isa = PBXFileReference; lastKnownFileType = sourcecode.swift; path = SceneDelegate.swift; sourceTree = "<group>"; };
		CF6C64A3284AEC8E00DA53FF /* ViewController.swift */ = {isa = PBXFileReference; lastKnownFileType = sourcecode.swift; path = ViewController.swift; sourceTree = "<group>"; };
		CF6C64A6284AEC8E00DA53FF /* Base */ = {isa = PBXFileReference; lastKnownFileType = file.storyboard; name = Base; path = Base.lproj/Main.storyboard; sourceTree = "<group>"; };
		CF6C64A8284AEC9100DA53FF /* Assets.xcassets */ = {isa = PBXFileReference; lastKnownFileType = folder.assetcatalog; path = Assets.xcassets; sourceTree = "<group>"; };
		CF6C64AB284AEC9100DA53FF /* Base */ = {isa = PBXFileReference; lastKnownFileType = file.storyboard; name = Base; path = Base.lproj/LaunchScreen.storyboard; sourceTree = "<group>"; };
		CF6C64AD284AEC9100DA53FF /* Info.plist */ = {isa = PBXFileReference; lastKnownFileType = text.plist.xml; path = Info.plist; sourceTree = "<group>"; };
		CF6C64B3284AED8100DA53FF /* SlideCollectionViewCell.swift */ = {isa = PBXFileReference; lastKnownFileType = sourcecode.swift; path = SlideCollectionViewCell.swift; sourceTree = "<group>"; };
		CF6C64B4284AED8100DA53FF /* SlideCollectionViewCell.xib */ = {isa = PBXFileReference; lastKnownFileType = file.xib; path = SlideCollectionViewCell.xib; sourceTree = "<group>"; };
/* End PBXFileReference section */

/* Begin PBXFrameworksBuildPhase section */
		CF6C6499284AEC8E00DA53FF /* Frameworks */ = {
			isa = PBXFrameworksBuildPhase;
			buildActionMask = 2147483647;
			files = (
			);
			runOnlyForDeploymentPostprocessing = 0;
		};
/* End PBXFrameworksBuildPhase section */

/* Begin PBXGroup section */
		CF6C6493284AEC8E00DA53FF = {
			isa = PBXGroup;
			children = (
				CF6C649E284AEC8E00DA53FF /* ScrollViewWillEndDragging */,
				CF6C649D284AEC8E00DA53FF /* Products */,
			);
			sourceTree = "<group>";
		};
		CF6C649D284AEC8E00DA53FF /* Products */ = {
			isa = PBXGroup;
			children = (
				CF6C649C284AEC8E00DA53FF /* ScrollViewWillEndDragging.app */,
			);
			name = Products;
			sourceTree = "<group>";
		};
		CF6C649E284AEC8E00DA53FF /* ScrollViewWillEndDragging */ = {
			isa = PBXGroup;
			children = (
				CF6C649F284AEC8E00DA53FF /* AppDelegate.swift */,
				CF6C64A1284AEC8E00DA53FF /* SceneDelegate.swift */,
				CF6C64B3284AED8100DA53FF /* SlideCollectionViewCell.swift */,
				CF6C64B4284AED8100DA53FF /* SlideCollectionViewCell.xib */,
				CF6C64A3284AEC8E00DA53FF /* ViewController.swift */,
				CF6C64A5284AEC8E00DA53FF /* Main.storyboard */,
				CF6C64A8284AEC9100DA53FF /* Assets.xcassets */,
				CF6C64AA284AEC9100DA53FF /* LaunchScreen.storyboard */,
				CF6C64AD284AEC9100DA53FF /* Info.plist */,
			);
			path = ScrollViewWillEndDragging;
			sourceTree = "<group>";
		};
/* End PBXGroup section */

/* Begin PBXNativeTarget section */
		CF6C649B284AEC8E00DA53FF /* ScrollViewWillEndDragging */ = {
			isa = PBXNativeTarget;
			buildConfigurationList = CF6C64B0284AEC9100DA53FF /* Build configuration list for PBXNativeTarget "ScrollViewWillEndDragging" */;
			buildPhases = (
				CF6C6498284AEC8E00DA53FF /* Sources */,
				CF6C6499284AEC8E00DA53FF /* Frameworks */,
				CF6C649A284AEC8E00DA53FF /* Resources */,
			);
			buildRules = (
			);
			dependencies = (
			);
			name = ScrollViewWillEndDragging;
			productName = ScrollViewWillEndDragging;
			productReference = CF6C649C284AEC8E00DA53FF /* ScrollViewWillEndDragging.app */;
			productType = "com.apple.product-type.application";
		};
/* End PBXNativeTarget section */

/* Begin PBXProject section */
		CF6C6494284AEC8E00DA53FF /* Project object */ = {
			isa = PBXProject;
			attributes = {
				BuildIndependentTargetsInParallel = 1;
				LastSwiftUpdateCheck = 1340;
				LastUpgradeCheck = 1340;
				TargetAttributes = {
					CF6C649B284AEC8E00DA53FF = {
						CreatedOnToolsVersion = 13.4;
					};
				};
			};
			buildConfigurationList = CF6C6497284AEC8E00DA53FF /* Build configuration list for PBXProject "ScrollViewWillEndDragging" */;
			compatibilityVersion = "Xcode 13.0";
			developmentRegion = en;
			hasScannedForEncodings = 0;
			knownRegions = (
				en,
				Base,
			);
			mainGroup = CF6C6493284AEC8E00DA53FF;
			productRefGroup = CF6C649D284AEC8E00DA53FF /* Products */;
			projectDirPath = "";
			projectRoot = "";
			targets = (
				CF6C649B284AEC8E00DA53FF /* ScrollViewWillEndDragging */,
			);
		};
/* End PBXProject section */

/* Begin PBXResourcesBuildPhase section */
		CF6C649A284AEC8E00DA53FF /* Resources */ = {
			isa = PBXResourcesBuildPhase;
			buildActionMask = 2147483647;
			files = (
				CF6C64B6284AED8100DA53FF /* SlideCollectionViewCell.xib in Resources */,
				CF6C64AC284AEC9100DA53FF /* LaunchScreen.storyboard in Resources */,
				CF6C64A9284AEC9100DA53FF /* Assets.xcassets in Resources */,
				CF6C64A7284AEC8E00DA53FF /* Main.storyboard in Resources */,
			);
			runOnlyForDeploymentPostprocessing = 0;
		};
/* End PBXResourcesBuildPhase section */

/* Begin PBXSourcesBuildPhase section */
		CF6C6498284AEC8E00DA53FF /* Sources */ = {
			isa = PBXSourcesBuildPhase;
			buildActionMask = 2147483647;
			files = (
				CF6C64B5284AED8100DA53FF /* SlideCollectionViewCell.swift in Sources */,
				CF6C64A4284AEC8E00DA53FF /* ViewController.swift in Sources */,
				CF6C64A0284AEC8E00DA53FF /* AppDelegate.swift in Sources */,
				CF6C64A2284AEC8E00DA53FF /* SceneDelegate.swift in Sources */,
			);
			runOnlyForDeploymentPostprocessing = 0;
		};
/* End PBXSourcesBuildPhase section */

/* Begin PBXVariantGroup section */
		CF6C64A5284AEC8E00DA53FF /* Main.storyboard */ = {
			isa = PBXVariantGroup;
			children = (
				CF6C64A6284AEC8E00DA53FF /* Base */,
			);
			name = Main.storyboard;
			sourceTree = "<group>";
		};
		CF6C64AA284AEC9100DA53FF /* LaunchScreen.storyboard */ = {
			isa = PBXVariantGroup;
			children = (
				CF6C64AB284AEC9100DA53FF /* Base */,
			);
			name = LaunchScreen.storyboard;
			sourceTree = "<group>";
		};
/* End PBXVariantGroup section */

/* Begin XCBuildConfiguration section */
		CF6C64AE284AEC9100DA53FF /* Debug */ = {
			isa = XCBuildConfiguration;
			buildSettings = {
				ALWAYS_SEARCH_USER_PATHS = NO;
				CLANG_ANALYZER_NONNULL = YES;
				CLANG_ANALYZER_NUMBER_OBJECT_CONVERSION = YES_AGGRESSIVE;
				CLANG_CXX_LANGUAGE_STANDARD = "gnu++17";
				CLANG_ENABLE_MODULES = YES;
				CLANG_ENABLE_OBJC_ARC = YES;
				CLANG_ENABLE_OBJC_WEAK = YES;
				CLANG_WARN_BLOCK_CAPTURE_AUTORELEASING = YES;
				CLANG_WARN_BOOL_CONVERSION = YES;
				CLANG_WARN_COMMA = YES;
				CLANG_WARN_CONSTANT_CONVERSION = YES;
				CLANG_WARN_DEPRECATED_OBJC_IMPLEMENTATIONS = YES;
				CLANG_WARN_DIRECT_OBJC_ISA_USAGE = YES_ERROR;
				CLANG_WARN_DOCUMENTATION_COMMENTS = YES;
				CLANG_WARN_EMPTY_BODY = YES;
				CLANG_WARN_ENUM_CONVERSION = YES;
				CLANG_WARN_INFINITE_RECURSION = YES;
				CLANG_WARN_INT_CONVERSION = YES;
				CLANG_WARN_NON_LITERAL_NULL_CONVERSION = YES;
				CLANG_WARN_OBJC_IMPLICIT_RETAIN_SELF = YES;
				CLANG_WARN_OBJC_LITERAL_CONVERSION = YES;
				CLANG_WARN_OBJC_ROOT_CLASS = YES_ERROR;
				CLANG_WARN_QUOTED_INCLUDE_IN_FRAMEWORK_HEADER = YES;
				CLANG_WARN_RANGE_LOOP_ANALYSIS = YES;
				CLANG_WARN_STRICT_PROTOTYPES = YES;
				CLANG_WARN_SUSPICIOUS_MOVE = YES;
				CLANG_WARN_UNGUARDED_AVAILABILITY = YES_AGGRESSIVE;
				CLANG_WARN_UNREACHABLE_CODE = YES;
				CLANG_WARN__DUPLICATE_METHOD_MATCH = YES;
				COPY_PHASE_STRIP = NO;
				DEBUG_INFORMATION_FORMAT = dwarf;
				ENABLE_STRICT_OBJC_MSGSEND = YES;
				ENABLE_TESTABILITY = YES;
				GCC_C_LANGUAGE_STANDARD = gnu11;
				GCC_DYNAMIC_NO_PIC = NO;
				GCC_NO_COMMON_BLOCKS = YES;
				GCC_OPTIMIZATION_LEVEL = 0;
				GCC_PREPROCESSOR_DEFINITIONS = (
					"DEBUG=1",
					"$(inherited)",
				);
				GCC_WARN_64_TO_32_BIT_CONVERSION = YES;
				GCC_WARN_ABOUT_RETURN_TYPE = YES_ERROR;
				GCC_WARN_UNDECLARED_SELECTOR = YES;
				GCC_WARN_UNINITIALIZED_AUTOS = YES_AGGRESSIVE;
				GCC_WARN_UNUSED_FUNCTION = YES;
				GCC_WARN_UNUSED_VARIABLE = YES;
				IPHONEOS_DEPLOYMENT_TARGET = 15.5;
				MTL_ENABLE_DEBUG_INFO = INCLUDE_SOURCE;
				MTL_FAST_MATH = YES;
				ONLY_ACTIVE_ARCH = YES;
				SDKROOT = iphoneos;
				SWIFT_ACTIVE_COMPILATION_CONDITIONS = DEBUG;
				SWIFT_OPTIMIZATION_LEVEL = "-Onone";
			};
			name = Debug;
		};
		CF6C64AF284AEC9100DA53FF /* Release */ = {
			isa = XCBuildConfiguration;
			buildSettings = {
				ALWAYS_SEARCH_USER_PATHS = NO;
				CLANG_ANALYZER_NONNULL = YES;
				CLANG_ANALYZER_NUMBER_OBJECT_CONVERSION = YES_AGGRESSIVE;
				CLANG_CXX_LANGUAGE_STANDARD = "gnu++17";
				CLANG_ENABLE_MODULES = YES;
				CLANG_ENABLE_OBJC_ARC = YES;
				CLANG_ENABLE_OBJC_WEAK = YES;
				CLANG_WARN_BLOCK_CAPTURE_AUTORELEASING = YES;
				CLANG_WARN_BOOL_CONVERSION = YES;
				CLANG_WARN_COMMA = YES;
				CLANG_WARN_CONSTANT_CONVERSION = YES;
				CLANG_WARN_DEPRECATED_OBJC_IMPLEMENTATIONS = YES;
				CLANG_WARN_DIRECT_OBJC_ISA_USAGE = YES_ERROR;
				CLANG_WARN_DOCUMENTATION_COMMENTS = YES;
				CLANG_WARN_EMPTY_BODY = YES;
				CLANG_WARN_ENUM_CONVERSION = YES;
				CLANG_WARN_INFINITE_RECURSION = YES;
				CLANG_WARN_INT_CONVERSION = YES;
				CLANG_WARN_NON_LITERAL_NULL_CONVERSION = YES;
				CLANG_WARN_OBJC_IMPLICIT_RETAIN_SELF = YES;
				CLANG_WARN_OBJC_LITERAL_CONVERSION = YES;
				CLANG_WARN_OBJC_ROOT_CLASS = YES_ERROR;
				CLANG_WARN_QUOTED_INCLUDE_IN_FRAMEWORK_HEADER = YES;
				CLANG_WARN_RANGE_LOOP_ANALYSIS = YES;
				CLANG_WARN_STRICT_PROTOTYPES = YES;
				CLANG_WARN_SUSPICIOUS_MOVE = YES;
				CLANG_WARN_UNGUARDED_AVAILABILITY = YES_AGGRESSIVE;
				CLANG_WARN_UNREACHABLE_CODE = YES;
				CLANG_WARN__DUPLICATE_METHOD_MATCH = YES;
				COPY_PHASE_STRIP = NO;
				DEBUG_INFORMATION_FORMAT = "dwarf-with-dsym";
				ENABLE_NS_ASSERTIONS = NO;
				ENABLE_STRICT_OBJC_MSGSEND = YES;
				GCC_C_LANGUAGE_STANDARD = gnu11;
				GCC_NO_COMMON_BLOCKS = YES;
				GCC_WARN_64_TO_32_BIT_CONVERSION = YES;
				GCC_WARN_ABOUT_RETURN_TYPE = YES_ERROR;
				GCC_WARN_UNDECLARED_SELECTOR = YES;
				GCC_WARN_UNINITIALIZED_AUTOS = YES_AGGRESSIVE;
				GCC_WARN_UNUSED_FUNCTION = YES;
				GCC_WARN_UNUSED_VARIABLE = YES;
				IPHONEOS_DEPLOYMENT_TARGET = 15.5;
				MTL_ENABLE_DEBUG_INFO = NO;
				MTL_FAST_MATH = YES;
				SDKROOT = iphoneos;
				SWIFT_COMPILATION_MODE = wholemodule;
				SWIFT_OPTIMIZATION_LEVEL = "-O";
				VALIDATE_PRODUCT = YES;
			};
			name = Release;
		};
		CF6C64B1284AEC9100DA53FF /* Debug */ = {
			isa = XCBuildConfiguration;
			buildSettings = {
				ASSETCATALOG_COMPILER_APPICON_NAME = AppIcon;
				ASSETCATALOG_COMPILER_GLOBAL_ACCENT_COLOR_NAME = AccentColor;
				CODE_SIGN_STYLE = Automatic;
				CURRENT_PROJECT_VERSION = 1;
				GENERATE_INFOPLIST_FILE = YES;
				INFOPLIST_FILE = ScrollViewWillEndDragging/Info.plist;
				INFOPLIST_KEY_UIApplicationSupportsIndirectInputEvents = YES;
				INFOPLIST_KEY_UILaunchStoryboardName = LaunchScreen;
				INFOPLIST_KEY_UIMainStoryboardFile = Main;
				INFOPLIST_KEY_UISupportedInterfaceOrientations_iPad = "UIInterfaceOrientationPortrait UIInterfaceOrientationPortraitUpsideDown UIInterfaceOrientationLandscapeLeft UIInterfaceOrientationLandscapeRight";
				INFOPLIST_KEY_UISupportedInterfaceOrientations_iPhone = "UIInterfaceOrientationPortrait UIInterfaceOrientationLandscapeLeft UIInterfaceOrientationLandscapeRight";
				LD_RUNPATH_SEARCH_PATHS = (
					"$(inherited)",
					"@executable_path/Frameworks",
				);
				MARKETING_VERSION = 1.0;
				PRODUCT_BUNDLE_IDENTIFIER = com.rikunabi2022.rnapp.ScrollViewWillEndDragging;
				PRODUCT_NAME = "$(TARGET_NAME)";
				SWIFT_EMIT_LOC_STRINGS = YES;
				SWIFT_VERSION = 5.0;
				TARGETED_DEVICE_FAMILY = "1,2";
			};
			name = Debug;
		};
		CF6C64B2284AEC9100DA53FF /* Release */ = {
			isa = XCBuildConfiguration;
			buildSettings = {
				ASSETCATALOG_COMPILER_APPICON_NAME = AppIcon;
				ASSETCATALOG_COMPILER_GLOBAL_ACCENT_COLOR_NAME = AccentColor;
				CODE_SIGN_STYLE = Automatic;
				CURRENT_PROJECT_VERSION = 1;
				GENERATE_INFOPLIST_FILE = YES;
				INFOPLIST_FILE = ScrollViewWillEndDragging/Info.plist;
				INFOPLIST_KEY_UIApplicationSupportsIndirectInputEvents = YES;
				INFOPLIST_KEY_UILaunchStoryboardName = LaunchScreen;
				INFOPLIST_KEY_UIMainStoryboardFile = Main;
				INFOPLIST_KEY_UISupportedInterfaceOrientations_iPad = "UIInterfaceOrientationPortrait UIInterfaceOrientationPortraitUpsideDown UIInterfaceOrientationLandscapeLeft UIInterfaceOrientationLandscapeRight";
				INFOPLIST_KEY_UISupportedInterfaceOrientations_iPhone = "UIInterfaceOrientationPortrait UIInterfaceOrientationLandscapeLeft UIInterfaceOrientationLandscapeRight";
				LD_RUNPATH_SEARCH_PATHS = (
					"$(inherited)",
					"@executable_path/Frameworks",
				);
				MARKETING_VERSION = 1.0;
				PRODUCT_BUNDLE_IDENTIFIER = com.rikunabi2022.rnapp.ScrollViewWillEndDragging;
				PRODUCT_NAME = "$(TARGET_NAME)";
				SWIFT_EMIT_LOC_STRINGS = YES;
				SWIFT_VERSION = 5.0;
				TARGETED_DEVICE_FAMILY = "1,2";
			};
			name = Release;
		};
/* End XCBuildConfiguration section */

/* Begin XCConfigurationList section */
		CF6C6497284AEC8E00DA53FF /* Build configuration list for PBXProject "ScrollViewWillEndDragging" */ = {
			isa = XCConfigurationList;
			buildConfigurations = (
				CF6C64AE284AEC9100DA53FF /* Debug */,
				CF6C64AF284AEC9100DA53FF /* Release */,
			);
			defaultConfigurationIsVisible = 0;
			defaultConfigurationName = Release;
		};
		CF6C64B0284AEC9100DA53FF /* Build configuration list for PBXNativeTarget "ScrollViewWillEndDragging" */ = {
			isa = XCConfigurationList;
			buildConfigurations = (
				CF6C64B1284AEC9100DA53FF /* Debug */,
				CF6C64B2284AEC9100DA53FF /* Release */,
			);
			defaultConfigurationIsVisible = 0;
			defaultConfigurationName = Release;
		};
/* End XCConfigurationList section */
	};
	rootObject = CF6C6494284AEC8E00DA53FF /* Project object */;
}
